// !$*UTF8*$!
{
	archiveVersion = 1;
	classes = {
	};
	objectVersion = 50;
	objects = {

/* Begin PBXBuildFile section */
		135C6FF7238653E600AB09A7 /* AppDelegate.swift in Sources */ = {isa = PBXBuildFile; fileRef = 135C6FF6238653E600AB09A7 /* AppDelegate.swift */; };
		135C6FF9238653E600AB09A7 /* ViewController.swift in Sources */ = {isa = PBXBuildFile; fileRef = 135C6FF8238653E600AB09A7 /* ViewController.swift */; };
		135C6FFC238653E600AB09A7 /* Main.storyboard in Resources */ = {isa = PBXBuildFile; fileRef = 135C6FFA238653E600AB09A7 /* Main.storyboard */; };
		135C6FFE238653ED00AB09A7 /* Assets.xcassets in Resources */ = {isa = PBXBuildFile; fileRef = 135C6FFD238653ED00AB09A7 /* Assets.xcassets */; };
		135C7001238653ED00AB09A7 /* LaunchScreen.storyboard in Resources */ = {isa = PBXBuildFile; fileRef = 135C6FFF238653ED00AB09A7 /* LaunchScreen.storyboard */; };
		DDCB4A9196A6B83CC932B476 /* Pods_FontAwesome.framework in Frameworks */ = {isa = PBXBuildFile; fileRef = FDDCF38BFFD8569AC44DB1DE /* Pods_FontAwesome.framework */; };
/* End PBXBuildFile section */

/* Begin PBXFileReference section */
		135C6FF3238653E600AB09A7 /* FontAwesome.app */ = {isa = PBXFileReference; explicitFileType = wrapper.application; includeInIndex = 0; path = FontAwesome.app; sourceTree = BUILT_PRODUCTS_DIR; };
		135C6FF6238653E600AB09A7 /* AppDelegate.swift */ = {isa = PBXFileReference; lastKnownFileType = sourcecode.swift; path = AppDelegate.swift; sourceTree = "<group>"; };
		135C6FF8238653E600AB09A7 /* ViewController.swift */ = {isa = PBXFileReference; lastKnownFileType = sourcecode.swift; path = ViewController.swift; sourceTree = "<group>"; };
		135C6FFB238653E600AB09A7 /* Base */ = {isa = PBXFileReference; lastKnownFileType = file.storyboard; name = Base; path = Base.lproj/Main.storyboard; sourceTree = "<group>"; };
		135C6FFD238653ED00AB09A7 /* Assets.xcassets */ = {isa = PBXFileReference; lastKnownFileType = folder.assetcatalog; path = Assets.xcassets; sourceTree = "<group>"; };
		135C7000238653ED00AB09A7 /* Base */ = {isa = PBXFileReference; lastKnownFileType = file.storyboard; name = Base; path = Base.lproj/LaunchScreen.storyboard; sourceTree = "<group>"; };
		135C7002238653ED00AB09A7 /* Info.plist */ = {isa = PBXFileReference; lastKnownFileType = text.plist.xml; path = Info.plist; sourceTree = "<group>"; };
		2483A5D701462A30CDF2E743 /* Pods-FontAwesome.debug.xcconfig */ = {isa = PBXFileReference; includeInIndex = 1; lastKnownFileType = text.xcconfig; name = "Pods-FontAwesome.debug.xcconfig"; path = "Target Support Files/Pods-FontAwesome/Pods-FontAwesome.debug.xcconfig"; sourceTree = "<group>"; };
		98F3970D475862D103F79054 /* Pods-FontAwesome.release.xcconfig */ = {isa = PBXFileReference; includeInIndex = 1; lastKnownFileType = text.xcconfig; name = "Pods-FontAwesome.release.xcconfig"; path = "Target Support Files/Pods-FontAwesome/Pods-FontAwesome.release.xcconfig"; sourceTree = "<group>"; };
		FDDCF38BFFD8569AC44DB1DE /* Pods_FontAwesome.framework */ = {isa = PBXFileReference; explicitFileType = wrapper.framework; includeInIndex = 0; path = Pods_FontAwesome.framework; sourceTree = BUILT_PRODUCTS_DIR; };
/* End PBXFileReference section */

/* Begin PBXFrameworksBuildPhase section */
		135C6FF0238653E600AB09A7 /* Frameworks */ = {
			isa = PBXFrameworksBuildPhase;
			buildActionMask = 2147483647;
			files = (
				DDCB4A9196A6B83CC932B476 /* Pods_FontAwesome.framework in Frameworks */,
			);
			runOnlyForDeploymentPostprocessing = 0;
		};
/* End PBXFrameworksBuildPhase section */

/* Begin PBXGroup section */
		135C6FEA238653E600AB09A7 = {
			isa = PBXGroup;
			children = (
				135C6FF5238653E600AB09A7 /* FontAwesome */,
				135C6FF4238653E600AB09A7 /* Products */,
				4015E5F7E8DD6AD5089AB05F /* Pods */,
				FB1C65D5767627A501D4B1EF /* Frameworks */,
			);
			sourceTree = "<group>";
		};
		135C6FF4238653E600AB09A7 /* Products */ = {
			isa = PBXGroup;
			children = (
				135C6FF3238653E600AB09A7 /* FontAwesome.app */,
			);
			name = Products;
			sourceTree = "<group>";
		};
		135C6FF5238653E600AB09A7 /* FontAwesome */ = {
			isa = PBXGroup;
			children = (
				135C6FF6238653E600AB09A7 /* AppDelegate.swift */,
				135C6FF8238653E600AB09A7 /* ViewController.swift */,
				135C6FFA238653E600AB09A7 /* Main.storyboard */,
				135C6FFD238653ED00AB09A7 /* Assets.xcassets */,
				135C6FFF238653ED00AB09A7 /* LaunchScreen.storyboard */,
				135C7002238653ED00AB09A7 /* Info.plist */,
			);
			path = FontAwesome;
			sourceTree = "<group>";
		};
		4015E5F7E8DD6AD5089AB05F /* Pods */ = {
			isa = PBXGroup;
			children = (
				2483A5D701462A30CDF2E743 /* Pods-FontAwesome.debug.xcconfig */,
				98F3970D475862D103F79054 /* Pods-FontAwesome.release.xcconfig */,
			);
			name = Pods;
			path = Pods;
			sourceTree = "<group>";
		};
		FB1C65D5767627A501D4B1EF /* Frameworks */ = {
			isa = PBXGroup;
			children = (
				FDDCF38BFFD8569AC44DB1DE /* Pods_FontAwesome.framework */,
			);
			name = Frameworks;
			sourceTree = "<group>";
		};
/* End PBXGroup section */

/* Begin PBXNativeTarget section */
		135C6FF2238653E600AB09A7 /* FontAwesome */ = {
			isa = PBXNativeTarget;
			buildConfigurationList = 135C7005238653ED00AB09A7 /* Build configuration list for PBXNativeTarget "FontAwesome" */;
			buildPhases = (
				204C77A597D8780784E94036 /* [CP] Check Pods Manifest.lock */,
				135C6FEF238653E600AB09A7 /* Sources */,
				135C6FF0238653E600AB09A7 /* Frameworks */,
				135C6FF1238653E600AB09A7 /* Resources */,
				DAFB4FEEA1FF901C31A0AF1E /* [CP] Embed Pods Frameworks */,
			);
			buildRules = (
			);
			dependencies = (
			);
			name = FontAwesome;
			productName = FontAwesome;
			productReference = 135C6FF3238653E600AB09A7 /* FontAwesome.app */;
			productType = "com.apple.product-type.application";
		};
/* End PBXNativeTarget section */

/* Begin PBXProject section */
		135C6FEB238653E600AB09A7 /* Project object */ = {
			isa = PBXProject;
			attributes = {
				LastSwiftUpdateCheck = 1020;
				LastUpgradeCheck = 1020;
				ORGANIZATIONNAME = joma;
				TargetAttributes = {
					135C6FF2238653E600AB09A7 = {
						CreatedOnToolsVersion = 10.2.1;
					};
				};
			};
			buildConfigurationList = 135C6FEE238653E600AB09A7 /* Build configuration list for PBXProject "FontAwesome" */;
			compatibilityVersion = "Xcode 9.3";
			developmentRegion = en;
			hasScannedForEncodings = 0;
			knownRegions = (
				en,
				Base,
			);
			mainGroup = 135C6FEA238653E600AB09A7;
			productRefGroup = 135C6FF4238653E600AB09A7 /* Products */;
			projectDirPath = "";
			projectRoot = "";
			targets = (
				135C6FF2238653E600AB09A7 /* FontAwesome */,
			);
		};
/* End PBXProject section */

/* Begin PBXResourcesBuildPhase section */
		135C6FF1238653E600AB09A7 /* Resources */ = {
			isa = PBXResourcesBuildPhase;
			buildActionMask = 2147483647;
			files = (
				135C7001238653ED00AB09A7 /* LaunchScreen.storyboard in Resources */,
				135C6FFE238653ED00AB09A7 /* Assets.xcassets in Resources */,
				135C6FFC238653E600AB09A7 /* Main.storyboard in Resources */,
			);
			runOnlyForDeploymentPostprocessing = 0;
		};
/* End PBXResourcesBuildPhase section */

/* Begin PBXShellScriptBuildPhase section */
		204C77A597D8780784E94036 /* [CP] Check Pods Manifest.lock */ = {
			isa = PBXShellScriptBuildPhase;
			buildActionMask = 2147483647;
			files = (
			);
			inputFileListPaths = (
			);
			inputPaths = (
				"${PODS_PODFILE_DIR_PATH}/Podfile.lock",
				"${PODS_ROOT}/Manifest.lock",
			);
			name = "[CP] Check Pods Manifest.lock";
			outputFileListPaths = (
			);
			outputPaths = (
				"$(DERIVED_FILE_DIR)/Pods-FontAwesome-checkManifestLockResult.txt",
			);
			runOnlyForDeploymentPostprocessing = 0;
			shellPath = /bin/sh;
			shellScript = "diff \"${PODS_PODFILE_DIR_PATH}/Podfile.lock\" \"${PODS_ROOT}/Manifest.lock\" > /dev/null\nif [ $? != 0 ] ; then\n    # print error to STDERR\n    echo \"error: The sandbox is not in sync with the Podfile.lock. Run 'pod install' or update your CocoaPods installation.\" >&2\n    exit 1\nfi\n# This output is used by Xcode 'outputs' to avoid re-running this script phase.\necho \"SUCCESS\" > \"${SCRIPT_OUTPUT_FILE_0}\"\n";
			showEnvVarsInLog = 0;
		};
		DAFB4FEEA1FF901C31A0AF1E /* [CP] Embed Pods Frameworks */ = {
			isa = PBXShellScriptBuildPhase;
			buildActionMask = 2147483647;
			files = (
			);
			inputFileListPaths = (
				"${PODS_ROOT}/Target Support Files/Pods-FontAwesome/Pods-FontAwesome-frameworks-${CONFIGURATION}-input-files.xcfilelist",
			);
			name = "[CP] Embed Pods Frameworks";
			outputFileListPaths = (
				"${PODS_ROOT}/Target Support Files/Pods-FontAwesome/Pods-FontAwesome-frameworks-${CONFIGURATION}-output-files.xcfilelist",
			);
			runOnlyForDeploymentPostprocessing = 0;
			shellPath = /bin/sh;
			shellScript = "\"${PODS_ROOT}/Target Support Files/Pods-FontAwesome/Pods-FontAwesome-frameworks.sh\"\n";
			showEnvVarsInLog = 0;
		};
/* End PBXShellScriptBuildPhase section */

/* Begin PBXSourcesBuildPhase section */
		135C6FEF238653E600AB09A7 /* Sources */ = {
			isa = PBXSourcesBuildPhase;
			buildActionMask = 2147483647;
			files = (
				135C6FF9238653E600AB09A7 /* ViewController.swift in Sources */,
				135C6FF7238653E600AB09A7 /* AppDelegate.swift in Sources */,
			);
			runOnlyForDeploymentPostprocessing = 0;
		};
/* End PBXSourcesBuildPhase section */

/* Begin PBXVariantGroup section */
		135C6FFA238653E600AB09A7 /* Main.storyboard */ = {
			isa = PBXVariantGroup;
			children = (
				135C6FFB238653E600AB09A7 /* Base */,
			);
			name = Main.storyboard;
			sourceTree = "<group>";
		};
		135C6FFF238653ED00AB09A7 /* LaunchScreen.storyboard */ = {
			isa = PBXVariantGroup;
			children = (
				135C7000238653ED00AB09A7 /* Base */,
			);
			name = LaunchScreen.storyboard;
			sourceTree = "<group>";
		};
/* End PBXVariantGroup section */

/* Begin XCBuildConfiguration section */
		135C7003238653ED00AB09A7 /* Debug */ = {
			isa = XCBuildConfiguration;
			buildSettings = {
				ALWAYS_SEARCH_USER_PATHS = NO;
				CLANG_ANALYZER_NONNULL = YES;
				CLANG_ANALYZER_NUMBER_OBJECT_CONVERSION = YES_AGGRESSIVE;
				CLANG_CXX_LANGUAGE_STANDARD = "gnu++14";
				CLANG_CXX_LIBRARY = "libc++";
				CLANG_ENABLE_MODULES = YES;
				CLANG_ENABLE_OBJC_ARC = YES;
				CLANG_ENABLE_OBJC_WEAK = YES;
				CLANG_WARN_BLOCK_CAPTURE_AUTORELEASING = YES;
				CLANG_WARN_BOOL_CONVERSION = YES;
				CLANG_WARN_COMMA = YES;
				CLANG_WARN_CONSTANT_CONVERSION = YES;
				CLANG_WARN_DEPRECATED_OBJC_IMPLEMENTATIONS = YES;
				CLANG_WARN_DIRECT_OBJC_ISA_USAGE = YES_ERROR;
				CLANG_WARN_DOCUMENTATION_COMMENTS = YES;
				CLANG_WARN_EMPTY_BODY = YES;
				CLANG_WARN_ENUM_CONVERSION = YES;
				CLANG_WARN_INFINITE_RECURSION = YES;
				CLANG_WARN_INT_CONVERSION = YES;
				CLANG_WARN_NON_LITERAL_NULL_CONVERSION = YES;
				CLANG_WARN_OBJC_IMPLICIT_RETAIN_SELF = YES;
				CLANG_WARN_OBJC_LITERAL_CONVERSION = YES;
				CLANG_WARN_OBJC_ROOT_CLASS = YES_ERROR;
				CLANG_WARN_RANGE_LOOP_ANALYSIS = YES;
				CLANG_WARN_STRICT_PROTOTYPES = YES;
				CLANG_WARN_SUSPICIOUS_MOVE = YES;
				CLANG_WARN_UNGUARDED_AVAILABILITY = YES_AGGRESSIVE;
				CLANG_WARN_UNREACHABLE_CODE = YES;
				CLANG_WARN__DUPLICATE_METHOD_MATCH = YES;
				CODE_SIGN_IDENTITY = "iPhone Developer";
				COPY_PHASE_STRIP = NO;
				DEBUG_INFORMATION_FORMAT = dwarf;
				ENABLE_STRICT_OBJC_MSGSEND = YES;
				ENABLE_TESTABILITY = YES;
				GCC_C_LANGUAGE_STANDARD = gnu11;
				GCC_DYNAMIC_NO_PIC = NO;
				GCC_NO_COMMON_BLOCKS = YES;
				GCC_OPTIMIZATION_LEVEL = 0;
				GCC_PREPROCESSOR_DEFINITIONS = (
					"DEBUG=1",
					"$(inherited)",
				);
				GCC_WARN_64_TO_32_BIT_CONVERSION = YES;
				GCC_WARN_ABOUT_RETURN_TYPE = YES_ERROR;
				GCC_WARN_UNDECLARED_SELECTOR = YES;
				GCC_WARN_UNINITIALIZED_AUTOS = YES_AGGRESSIVE;
				GCC_WARN_UNUSED_FUNCTION = YES;
				GCC_WARN_UNUSED_VARIABLE = YES;
				IPHONEOS_DEPLOYMENT_TARGET = 12.2;
				MTL_ENABLE_DEBUG_INFO = INCLUDE_SOURCE;
				MTL_FAST_MATH = YES;
				ONLY_ACTIVE_ARCH = YES;
				SDKROOT = iphoneos;
				SWIFT_ACTIVE_COMPILATION_CONDITIONS = DEBUG;
				SWIFT_OPTIMIZATION_LEVEL = "-Onone";
			};
			name = Debug;
		};
		135C7004238653ED00AB09A7 /* Release */ = {
			isa = XCBuildConfiguration;
			buildSettings = {
				ALWAYS_SEARCH_USER_PATHS = NO;
				CLANG_ANALYZER_NONNULL = YES;
				CLANG_ANALYZER_NUMBER_OBJECT_CONVERSION = YES_AGGRESSIVE;
				CLANG_CXX_LANGUAGE_STANDARD = "gnu++14";
				CLANG_CXX_LIBRARY = "libc++";
				CLANG_ENABLE_MODULES = YES;
				CLANG_ENABLE_OBJC_ARC = YES;
				CLANG_ENABLE_OBJC_WEAK = YES;
				CLANG_WARN_BLOCK_CAPTURE_AUTORELEASING = YES;
				CLANG_WARN_BOOL_CONVERSION = YES;
				CLANG_WARN_COMMA = YES;
				CLANG_WARN_CONSTANT_CONVERSION = YES;
				CLANG_WARN_DEPRECATED_OBJC_IMPLEMENTATIONS = YES;
				CLANG_WARN_DIRECT_OBJC_ISA_USAGE = YES_ERROR;
				CLANG_WARN_DOCUMENTATION_COMMENTS = YES;
				CLANG_WARN_EMPTY_BODY = YES;
				CLANG_WARN_ENUM_CONVERSION = YES;
				CLANG_WARN_INFINITE_RECURSION = YES;
				CLANG_WARN_INT_CONVERSION = YES;
				CLANG_WARN_NON_LITERAL_NULL_CONVERSION = YES;
				CLANG_WARN_OBJC_IMPLICIT_RETAIN_SELF = YES;
				CLANG_WARN_OBJC_LITERAL_CONVERSION = YES;
				CLANG_WARN_OBJC_ROOT_CLASS = YES_ERROR;
				CLANG_WARN_RANGE_LOOP_ANALYSIS = YES;
				CLANG_WARN_STRICT_PROTOTYPES = YES;
				CLANG_WARN_SUSPICIOUS_MOVE = YES;
				CLANG_WARN_UNGUARDED_AVAILABILITY = YES_AGGRESSIVE;
				CLANG_WARN_UNREACHABLE_CODE = YES;
				CLANG_WARN__DUPLICATE_METHOD_MATCH = YES;
				CODE_SIGN_IDENTITY = "iPhone Developer";
				COPY_PHASE_STRIP = NO;
				DEBUG_INFORMATION_FORMAT = "dwarf-with-dsym";
				ENABLE_NS_ASSERTIONS = NO;
				ENABLE_STRICT_OBJC_MSGSEND = YES;
				GCC_C_LANGUAGE_STANDARD = gnu11;
				GCC_NO_COMMON_BLOCKS = YES;
				GCC_WARN_64_TO_32_BIT_CONVERSION = YES;
				GCC_WARN_ABOUT_RETURN_TYPE = YES_ERROR;
				GCC_WARN_UNDECLARED_SELECTOR = YES;
				GCC_WARN_UNINITIALIZED_AUTOS = YES_AGGRESSIVE;
				GCC_WARN_UNUSED_FUNCTION = YES;
				GCC_WARN_UNUSED_VARIABLE = YES;
				IPHONEOS_DEPLOYMENT_TARGET = 12.2;
				MTL_ENABLE_DEBUG_INFO = NO;
				MTL_FAST_MATH = YES;
				SDKROOT = iphoneos;
				SWIFT_COMPILATION_MODE = wholemodule;
				SWIFT_OPTIMIZATION_LEVEL = "-O";
				VALIDATE_PRODUCT = YES;
			};
			name = Release;
		};
		135C7006238653ED00AB09A7 /* Debug */ = {
			isa = XCBuildConfiguration;
			baseConfigurationReference = 2483A5D701462A30CDF2E743 /* Pods-FontAwesome.debug.xcconfig */;
			buildSettings = {
				ASSETCATALOG_COMPILER_APPICON_NAME = AppIcon;
				CODE_SIGN_STYLE = Automatic;
				INFOPLIST_FILE = FontAwesome/Info.plist;
				LD_RUNPATH_SEARCH_PATHS = (
					"$(inherited)",
					"@executable_path/Frameworks",
				);
				PRODUCT_BUNDLE_IDENTIFIER = com.example.FontAwesome;
				PRODUCT_NAME = "$(TARGET_NAME)";
				SWIFT_VERSION = 5.0;
				TARGETED_DEVICE_FAMILY = "1,2";
			};
			name = Debug;
		};
		135C7007238653ED00AB09A7 /* Release */ = {
			isa = XCBuildConfiguration;
			baseConfigurationReference = 98F3970D475862D103F79054 /* Pods-FontAwesome.release.xcconfig */;
			buildSettings = {
				ASSETCATALOG_COMPILER_APPICON_NAME = AppIcon;
				CODE_SIGN_STYLE = Automatic;
				INFOPLIST_FILE = FontAwesome/Info.plist;
				LD_RUNPATH_SEARCH_PATHS = (
					"$(inherited)",
					"@executable_path/Frameworks",
				);
				PRODUCT_BUNDLE_IDENTIFIER = com.example.FontAwesome;
				PRODUCT_NAME = "$(TARGET_NAME)";
				SWIFT_VERSION = 5.0;
				TARGETED_DEVICE_FAMILY = "1,2";
			};
			name = Release;
		};
/* End XCBuildConfiguration section */

/* Begin XCConfigurationList section */
		135C6FEE238653E600AB09A7 /* Build configuration list for PBXProject "FontAwesome" */ = {
			isa = XCConfigurationList;
			buildConfigurations = (
				135C7003238653ED00AB09A7 /* Debug */,
				135C7004238653ED00AB09A7 /* Release */,
			);
			defaultConfigurationIsVisible = 0;
			defaultConfigurationName = Release;
		};
		135C7005238653ED00AB09A7 /* Build configuration list for PBXNativeTarget "FontAwesome" */ = {
			isa = XCConfigurationList;
			buildConfigurations = (
				135C7006238653ED00AB09A7 /* Debug */,
				135C7007238653ED00AB09A7 /* Release */,
			);
			defaultConfigurationIsVisible = 0;
			defaultConfigurationName = Release;
		};
/* End XCConfigurationList section */
	};
	rootObject = 135C6FEB238653E600AB09A7 /* Project object */;
}
